// !$*UTF8*$!
{
	archiveVersion = 1;
	classes = {
	};
	objectVersion = 46;
	objects = {

/* Begin PBXBuildFile section */
		A908F4E81D0BF49800870DF2 /* main.m in Sources */ = {isa = PBXBuildFile; fileRef = A908F4E71D0BF49800870DF2 /* main.m */; };
		A908F4EB1D0BF49800870DF2 /* AppDelegate.m in Sources */ = {isa = PBXBuildFile; fileRef = A908F4EA1D0BF49800870DF2 /* AppDelegate.m */; };
		A908F4F11D0BF49800870DF2 /* Main.storyboard in Resources */ = {isa = PBXBuildFile; fileRef = A908F4EF1D0BF49800870DF2 /* Main.storyboard */; };
		A908F4F31D0BF49800870DF2 /* Assets.xcassets in Resources */ = {isa = PBXBuildFile; fileRef = A908F4F21D0BF49800870DF2 /* Assets.xcassets */; };
		A908F4F61D0BF49800870DF2 /* LaunchScreen.storyboard in Resources */ = {isa = PBXBuildFile; fileRef = A908F4F41D0BF49800870DF2 /* LaunchScreen.storyboard */; };
		A908F4FD1D0BFA2700870DF2 /* FirstViewController.m in Sources */ = {isa = PBXBuildFile; fileRef = A908F4FC1D0BFA2700870DF2 /* FirstViewController.m */; };
		A908F5001D0BFA3300870DF2 /* SecondViewController.m in Sources */ = {isa = PBXBuildFile; fileRef = A908F4FF1D0BFA3300870DF2 /* SecondViewController.m */; };
		A961D1C81D0BC2240036D0B1 /* main.m in Sources */ = {isa = PBXBuildFile; fileRef = A961D1C71D0BC2240036D0B1 /* main.m */; };
		A961D1CB1D0BC2240036D0B1 /* AppDelegate.m in Sources */ = {isa = PBXBuildFile; fileRef = A961D1CA1D0BC2240036D0B1 /* AppDelegate.m */; };
		A961D1D11D0BC2240036D0B1 /* Main.storyboard in Resources */ = {isa = PBXBuildFile; fileRef = A961D1CF1D0BC2240036D0B1 /* Main.storyboard */; };
		A961D1D31D0BC2240036D0B1 /* Assets.xcassets in Resources */ = {isa = PBXBuildFile; fileRef = A961D1D21D0BC2240036D0B1 /* Assets.xcassets */; };
		A961D1D61D0BC2240036D0B1 /* LaunchScreen.storyboard in Resources */ = {isa = PBXBuildFile; fileRef = A961D1D41D0BC2240036D0B1 /* LaunchScreen.storyboard */; };
		A961D1DD1D0BC2760036D0B1 /* FirstViewController.m in Sources */ = {isa = PBXBuildFile; fileRef = A961D1DC1D0BC2760036D0B1 /* FirstViewController.m */; };
		A961D1E01D0BC2840036D0B1 /* SecondViewController.m in Sources */ = {isa = PBXBuildFile; fileRef = A961D1DF1D0BC2840036D0B1 /* SecondViewController.m */; };
		A961D1E91D0BE1D00036D0B1 /* main.m in Sources */ = {isa = PBXBuildFile; fileRef = A961D1E81D0BE1D00036D0B1 /* main.m */; };
		A961D1EC1D0BE1D00036D0B1 /* AppDelegate.m in Sources */ = {isa = PBXBuildFile; fileRef = A961D1EB1D0BE1D00036D0B1 /* AppDelegate.m */; };
		A961D1F21D0BE1D00036D0B1 /* Main.storyboard in Resources */ = {isa = PBXBuildFile; fileRef = A961D1F01D0BE1D00036D0B1 /* Main.storyboard */; };
		A961D1F41D0BE1D00036D0B1 /* Assets.xcassets in Resources */ = {isa = PBXBuildFile; fileRef = A961D1F31D0BE1D00036D0B1 /* Assets.xcassets */; };
		A961D1F71D0BE1D00036D0B1 /* LaunchScreen.storyboard in Resources */ = {isa = PBXBuildFile; fileRef = A961D1F51D0BE1D00036D0B1 /* LaunchScreen.storyboard */; };
		A961D1FE1D0BE1FD0036D0B1 /* FirstViewController.m in Sources */ = {isa = PBXBuildFile; fileRef = A961D1FD1D0BE1FD0036D0B1 /* FirstViewController.m */; };
		A961D2011D0BE20D0036D0B1 /* SecondViewController.m in Sources */ = {isa = PBXBuildFile; fileRef = A961D2001D0BE20D0036D0B1 /* SecondViewController.m */; };
/* End PBXBuildFile section */

/* Begin PBXFileReference section */
		A908F4E41D0BF49800870DF2 /* NSNotification.app */ = {isa = PBXFileReference; explicitFileType = wrapper.application; includeInIndex = 0; path = NSNotification.app; sourceTree = BUILT_PRODUCTS_DIR; };
		A908F4E71D0BF49800870DF2 /* main.m */ = {isa = PBXFileReference; lastKnownFileType = sourcecode.c.objc; path = main.m; sourceTree = "<group>"; };
		A908F4E91D0BF49800870DF2 /* AppDelegate.h */ = {isa = PBXFileReference; lastKnownFileType = sourcecode.c.h; path = AppDelegate.h; sourceTree = "<group>"; };
		A908F4EA1D0BF49800870DF2 /* AppDelegate.m */ = {isa = PBXFileReference; lastKnownFileType = sourcecode.c.objc; path = AppDelegate.m; sourceTree = "<group>"; };
		A908F4F01D0BF49800870DF2 /* Base */ = {isa = PBXFileReference; lastKnownFileType = file.storyboard; name = Base; path = Base.lproj/Main.storyboard; sourceTree = "<group>"; };
		A908F4F21D0BF49800870DF2 /* Assets.xcassets */ = {isa = PBXFileReference; lastKnownFileType = folder.assetcatalog; path = Assets.xcassets; sourceTree = "<group>"; };
		A908F4F51D0BF49800870DF2 /* Base */ = {isa = PBXFileReference; lastKnownFileType = file.storyboard; name = Base; path = Base.lproj/LaunchScreen.storyboard; sourceTree = "<group>"; };
		A908F4F71D0BF49800870DF2 /* Info.plist */ = {isa = PBXFileReference; lastKnownFileType = text.plist.xml; path = Info.plist; sourceTree = "<group>"; };
		A908F4FB1D0BFA2700870DF2 /* FirstViewController.h */ = {isa = PBXFileReference; fileEncoding = 4; lastKnownFileType = sourcecode.c.h; path = FirstViewController.h; sourceTree = "<group>"; };
		A908F4FC1D0BFA2700870DF2 /* FirstViewController.m */ = {isa = PBXFileReference; fileEncoding = 4; lastKnownFileType = sourcecode.c.objc; path = FirstViewController.m; sourceTree = "<group>"; };
		A908F4FE1D0BFA3300870DF2 /* SecondViewController.h */ = {isa = PBXFileReference; fileEncoding = 4; lastKnownFileType = sourcecode.c.h; path = SecondViewController.h; sourceTree = "<group>"; };
		A908F4FF1D0BFA3300870DF2 /* SecondViewController.m */ = {isa = PBXFileReference; fileEncoding = 4; lastKnownFileType = sourcecode.c.objc; path = SecondViewController.m; sourceTree = "<group>"; };
		A961D1A61D0BBECF0036D0B1 /* WithinVCsByValues.app */ = {isa = PBXFileReference; explicitFileType = wrapper.application; includeInIndex = 0; path = WithinVCsByValues.app; sourceTree = BUILT_PRODUCTS_DIR; };
		A961D1C41D0BC2240036D0B1 /* Delegate.app */ = {isa = PBXFileReference; explicitFileType = wrapper.application; includeInIndex = 0; path = Delegate.app; sourceTree = BUILT_PRODUCTS_DIR; };
		A961D1C71D0BC2240036D0B1 /* main.m */ = {isa = PBXFileReference; lastKnownFileType = sourcecode.c.objc; path = main.m; sourceTree = "<group>"; };
		A961D1C91D0BC2240036D0B1 /* AppDelegate.h */ = {isa = PBXFileReference; lastKnownFileType = sourcecode.c.h; path = AppDelegate.h; sourceTree = "<group>"; };
		A961D1CA1D0BC2240036D0B1 /* AppDelegate.m */ = {isa = PBXFileReference; lastKnownFileType = sourcecode.c.objc; path = AppDelegate.m; sourceTree = "<group>"; };
		A961D1D01D0BC2240036D0B1 /* Base */ = {isa = PBXFileReference; lastKnownFileType = file.storyboard; name = Base; path = Base.lproj/Main.storyboard; sourceTree = "<group>"; };
		A961D1D21D0BC2240036D0B1 /* Assets.xcassets */ = {isa = PBXFileReference; lastKnownFileType = folder.assetcatalog; path = Assets.xcassets; sourceTree = "<group>"; };
		A961D1D51D0BC2240036D0B1 /* Base */ = {isa = PBXFileReference; lastKnownFileType = file.storyboard; name = Base; path = Base.lproj/LaunchScreen.storyboard; sourceTree = "<group>"; };
		A961D1D71D0BC2240036D0B1 /* Info.plist */ = {isa = PBXFileReference; lastKnownFileType = text.plist.xml; path = Info.plist; sourceTree = "<group>"; };
		A961D1DB1D0BC2760036D0B1 /* FirstViewController.h */ = {isa = PBXFileReference; fileEncoding = 4; lastKnownFileType = sourcecode.c.h; path = FirstViewController.h; sourceTree = "<group>"; };
		A961D1DC1D0BC2760036D0B1 /* FirstViewController.m */ = {isa = PBXFileReference; fileEncoding = 4; lastKnownFileType = sourcecode.c.objc; path = FirstViewController.m; sourceTree = "<group>"; };
		A961D1DE1D0BC2840036D0B1 /* SecondViewController.h */ = {isa = PBXFileReference; fileEncoding = 4; lastKnownFileType = sourcecode.c.h; path = SecondViewController.h; sourceTree = "<group>"; };
		A961D1DF1D0BC2840036D0B1 /* SecondViewController.m */ = {isa = PBXFileReference; fileEncoding = 4; lastKnownFileType = sourcecode.c.objc; path = SecondViewController.m; sourceTree = "<group>"; };
		A961D1E51D0BE1D00036D0B1 /* Block.app */ = {isa = PBXFileReference; explicitFileType = wrapper.application; includeInIndex = 0; path = Block.app; sourceTree = BUILT_PRODUCTS_DIR; };
		A961D1E81D0BE1D00036D0B1 /* main.m */ = {isa = PBXFileReference; lastKnownFileType = sourcecode.c.objc; path = main.m; sourceTree = "<group>"; };
		A961D1EA1D0BE1D00036D0B1 /* AppDelegate.h */ = {isa = PBXFileReference; lastKnownFileType = sourcecode.c.h; path = AppDelegate.h; sourceTree = "<group>"; };
		A961D1EB1D0BE1D00036D0B1 /* AppDelegate.m */ = {isa = PBXFileReference; lastKnownFileType = sourcecode.c.objc; path = AppDelegate.m; sourceTree = "<group>"; };
		A961D1F11D0BE1D00036D0B1 /* Base */ = {isa = PBXFileReference; lastKnownFileType = file.storyboard; name = Base; path = Base.lproj/Main.storyboard; sourceTree = "<group>"; };
		A961D1F31D0BE1D00036D0B1 /* Assets.xcassets */ = {isa = PBXFileReference; lastKnownFileType = folder.assetcatalog; path = Assets.xcassets; sourceTree = "<group>"; };
		A961D1F61D0BE1D00036D0B1 /* Base */ = {isa = PBXFileReference; lastKnownFileType = file.storyboard; name = Base; path = Base.lproj/LaunchScreen.storyboard; sourceTree = "<group>"; };
		A961D1F81D0BE1D00036D0B1 /* Info.plist */ = {isa = PBXFileReference; lastKnownFileType = text.plist.xml; path = Info.plist; sourceTree = "<group>"; };
		A961D1FC1D0BE1FD0036D0B1 /* FirstViewController.h */ = {isa = PBXFileReference; fileEncoding = 4; lastKnownFileType = sourcecode.c.h; path = FirstViewController.h; sourceTree = "<group>"; };
		A961D1FD1D0BE1FD0036D0B1 /* FirstViewController.m */ = {isa = PBXFileReference; fileEncoding = 4; lastKnownFileType = sourcecode.c.objc; path = FirstViewController.m; sourceTree = "<group>"; };
		A961D1FF1D0BE20D0036D0B1 /* SecondViewController.h */ = {isa = PBXFileReference; fileEncoding = 4; lastKnownFileType = sourcecode.c.h; path = SecondViewController.h; sourceTree = "<group>"; };
		A961D2001D0BE20D0036D0B1 /* SecondViewController.m */ = {isa = PBXFileReference; fileEncoding = 4; lastKnownFileType = sourcecode.c.objc; path = SecondViewController.m; sourceTree = "<group>"; };
/* End PBXFileReference section */

/* Begin PBXFrameworksBuildPhase section */
		A908F4E11D0BF49800870DF2 /* Frameworks */ = {
			isa = PBXFrameworksBuildPhase;
			buildActionMask = 2147483647;
			files = (
			);
			runOnlyForDeploymentPostprocessing = 0;
		};
		A961D1A31D0BBECF0036D0B1 /* Frameworks */ = {
			isa = PBXFrameworksBuildPhase;
			buildActionMask = 2147483647;
			files = (
			);
			runOnlyForDeploymentPostprocessing = 0;
		};
		A961D1C11D0BC2240036D0B1 /* Frameworks */ = {
			isa = PBXFrameworksBuildPhase;
			buildActionMask = 2147483647;
			files = (
			);
			runOnlyForDeploymentPostprocessing = 0;
		};
		A961D1E21D0BE1D00036D0B1 /* Frameworks */ = {
			isa = PBXFrameworksBuildPhase;
			buildActionMask = 2147483647;
			files = (
			);
			runOnlyForDeploymentPostprocessing = 0;
		};
/* End PBXFrameworksBuildPhase section */

/* Begin PBXGroup section */
		A908F4E51D0BF49800870DF2 /* NSNotification */ = {
			isa = PBXGroup;
			children = (
				A908F4E91D0BF49800870DF2 /* AppDelegate.h */,
				A908F4EA1D0BF49800870DF2 /* AppDelegate.m */,
				A908F4FB1D0BFA2700870DF2 /* FirstViewController.h */,
				A908F4FC1D0BFA2700870DF2 /* FirstViewController.m */,
				A908F4FE1D0BFA3300870DF2 /* SecondViewController.h */,
				A908F4FF1D0BFA3300870DF2 /* SecondViewController.m */,
				A908F4EF1D0BF49800870DF2 /* Main.storyboard */,
				A908F4F21D0BF49800870DF2 /* Assets.xcassets */,
				A908F4F41D0BF49800870DF2 /* LaunchScreen.storyboard */,
				A908F4F71D0BF49800870DF2 /* Info.plist */,
				A908F4E61D0BF49800870DF2 /* Supporting Files */,
			);
			path = NSNotification;
			sourceTree = "<group>";
		};
		A908F4E61D0BF49800870DF2 /* Supporting Files */ = {
			isa = PBXGroup;
			children = (
				A908F4E71D0BF49800870DF2 /* main.m */,
			);
			name = "Supporting Files";
			sourceTree = "<group>";
		};
		A961D19D1D0BBECF0036D0B1 = {
			isa = PBXGroup;
			children = (
				A961D1C51D0BC2240036D0B1 /* Delegate */,
				A961D1E61D0BE1D00036D0B1 /* Block */,
				A908F4E51D0BF49800870DF2 /* NSNotification */,
				A961D1A71D0BBECF0036D0B1 /* Products */,
			);
			sourceTree = "<group>";
		};
		A961D1A71D0BBECF0036D0B1 /* Products */ = {
			isa = PBXGroup;
			children = (
				A961D1A61D0BBECF0036D0B1 /* WithinVCsByValues.app */,
				A961D1C41D0BC2240036D0B1 /* Delegate.app */,
				A961D1E51D0BE1D00036D0B1 /* Block.app */,
				A908F4E41D0BF49800870DF2 /* NSNotification.app */,
			);
			name = Products;
			sourceTree = "<group>";
		};
		A961D1C51D0BC2240036D0B1 /* Delegate */ = {
			isa = PBXGroup;
			children = (
				A961D1C91D0BC2240036D0B1 /* AppDelegate.h */,
				A961D1CA1D0BC2240036D0B1 /* AppDelegate.m */,
				A961D1DB1D0BC2760036D0B1 /* FirstViewController.h */,
				A961D1DC1D0BC2760036D0B1 /* FirstViewController.m */,
				A961D1DE1D0BC2840036D0B1 /* SecondViewController.h */,
				A961D1DF1D0BC2840036D0B1 /* SecondViewController.m */,
				A961D1CF1D0BC2240036D0B1 /* Main.storyboard */,
				A961D1D21D0BC2240036D0B1 /* Assets.xcassets */,
				A961D1D41D0BC2240036D0B1 /* LaunchScreen.storyboard */,
				A961D1D71D0BC2240036D0B1 /* Info.plist */,
				A961D1C61D0BC2240036D0B1 /* Supporting Files */,
			);
			path = Delegate;
			sourceTree = "<group>";
		};
		A961D1C61D0BC2240036D0B1 /* Supporting Files */ = {
			isa = PBXGroup;
			children = (
				A961D1C71D0BC2240036D0B1 /* main.m */,
			);
			name = "Supporting Files";
			sourceTree = "<group>";
		};
		A961D1E61D0BE1D00036D0B1 /* Block */ = {
			isa = PBXGroup;
			children = (
				A961D1EA1D0BE1D00036D0B1 /* AppDelegate.h */,
				A961D1EB1D0BE1D00036D0B1 /* AppDelegate.m */,
				A961D1FC1D0BE1FD0036D0B1 /* FirstViewController.h */,
				A961D1FD1D0BE1FD0036D0B1 /* FirstViewController.m */,
				A961D1FF1D0BE20D0036D0B1 /* SecondViewController.h */,
				A961D2001D0BE20D0036D0B1 /* SecondViewController.m */,
				A961D1F01D0BE1D00036D0B1 /* Main.storyboard */,
				A961D1F31D0BE1D00036D0B1 /* Assets.xcassets */,
				A961D1F51D0BE1D00036D0B1 /* LaunchScreen.storyboard */,
				A961D1F81D0BE1D00036D0B1 /* Info.plist */,
				A961D1E71D0BE1D00036D0B1 /* Supporting Files */,
			);
			path = Block;
			sourceTree = "<group>";
		};
		A961D1E71D0BE1D00036D0B1 /* Supporting Files */ = {
			isa = PBXGroup;
			children = (
				A961D1E81D0BE1D00036D0B1 /* main.m */,
			);
			name = "Supporting Files";
			sourceTree = "<group>";
		};
/* End PBXGroup section */

/* Begin PBXNativeTarget section */
		A908F4E31D0BF49800870DF2 /* NSNotification */ = {
			isa = PBXNativeTarget;
			buildConfigurationList = A908F4FA1D0BF49800870DF2 /* Build configuration list for PBXNativeTarget "NSNotification" */;
			buildPhases = (
				A908F4E01D0BF49800870DF2 /* Sources */,
				A908F4E11D0BF49800870DF2 /* Frameworks */,
				A908F4E21D0BF49800870DF2 /* Resources */,
			);
			buildRules = (
			);
			dependencies = (
			);
			name = NSNotification;
			productName = NSNotification;
			productReference = A908F4E41D0BF49800870DF2 /* NSNotification.app */;
			productType = "com.apple.product-type.application";
		};
		A961D1A51D0BBECF0036D0B1 /* WithinVCsByValues */ = {
			isa = PBXNativeTarget;
			buildConfigurationList = A961D1BD1D0BBECF0036D0B1 /* Build configuration list for PBXNativeTarget "WithinVCsByValues" */;
			buildPhases = (
				A961D1A21D0BBECF0036D0B1 /* Sources */,
				A961D1A31D0BBECF0036D0B1 /* Frameworks */,
				A961D1A41D0BBECF0036D0B1 /* Resources */,
			);
			buildRules = (
			);
			dependencies = (
			);
			name = WithinVCsByValues;
			productName = "界面传值";
			productReference = A961D1A61D0BBECF0036D0B1 /* WithinVCsByValues.app */;
			productType = "com.apple.product-type.application";
		};
		A961D1C31D0BC2240036D0B1 /* Delegate */ = {
			isa = PBXNativeTarget;
			buildConfigurationList = A961D1D81D0BC2240036D0B1 /* Build configuration list for PBXNativeTarget "Delegate" */;
			buildPhases = (
				A961D1C01D0BC2240036D0B1 /* Sources */,
				A961D1C11D0BC2240036D0B1 /* Frameworks */,
				A961D1C21D0BC2240036D0B1 /* Resources */,
			);
			buildRules = (
			);
			dependencies = (
			);
			name = Delegate;
			productName = Delegate;
			productReference = A961D1C41D0BC2240036D0B1 /* Delegate.app */;
			productType = "com.apple.product-type.application";
		};
		A961D1E41D0BE1D00036D0B1 /* Block */ = {
			isa = PBXNativeTarget;
			buildConfigurationList = A961D1F91D0BE1D00036D0B1 /* Build configuration list for PBXNativeTarget "Block" */;
			buildPhases = (
				A961D1E11D0BE1D00036D0B1 /* Sources */,
				A961D1E21D0BE1D00036D0B1 /* Frameworks */,
				A961D1E31D0BE1D00036D0B1 /* Resources */,
			);
			buildRules = (
			);
			dependencies = (
			);
			name = Block;
			productName = Block;
			productReference = A961D1E51D0BE1D00036D0B1 /* Block.app */;
			productType = "com.apple.product-type.application";
		};
/* End PBXNativeTarget section */

/* Begin PBXProject section */
		A961D19E1D0BBECF0036D0B1 /* Project object */ = {
			isa = PBXProject;
			attributes = {
				LastUpgradeCheck = 0730;
				ORGANIZATIONNAME = Lv;
				TargetAttributes = {
					A908F4E31D0BF49800870DF2 = {
						CreatedOnToolsVersion = 7.3;
					};
					A961D1A51D0BBECF0036D0B1 = {
						CreatedOnToolsVersion = 7.3;
					};
					A961D1C31D0BC2240036D0B1 = {
						CreatedOnToolsVersion = 7.3;
					};
					A961D1E41D0BE1D00036D0B1 = {
						CreatedOnToolsVersion = 7.3;
					};
				};
			};
			buildConfigurationList = A961D1A11D0BBECF0036D0B1 /* Build configuration list for PBXProject "WithinVCsByValues" */;
			compatibilityVersion = "Xcode 3.2";
			developmentRegion = English;
			hasScannedForEncodings = 0;
			knownRegions = (
				en,
				Base,
			);
			mainGroup = A961D19D1D0BBECF0036D0B1;
			productRefGroup = A961D1A71D0BBECF0036D0B1 /* Products */;
			projectDirPath = "";
			projectRoot = "";
			targets = (
				A961D1A51D0BBECF0036D0B1 /* WithinVCsByValues */,
				A961D1C31D0BC2240036D0B1 /* Delegate */,
				A961D1E41D0BE1D00036D0B1 /* Block */,
				A908F4E31D0BF49800870DF2 /* NSNotification */,
			);
		};
/* End PBXProject section */

/* Begin PBXResourcesBuildPhase section */
		A908F4E21D0BF49800870DF2 /* Resources */ = {
			isa = PBXResourcesBuildPhase;
			buildActionMask = 2147483647;
			files = (
				A908F4F61D0BF49800870DF2 /* LaunchScreen.storyboard in Resources */,
				A908F4F31D0BF49800870DF2 /* Assets.xcassets in Resources */,
				A908F4F11D0BF49800870DF2 /* Main.storyboard in Resources */,
			);
			runOnlyForDeploymentPostprocessing = 0;
		};
		A961D1A41D0BBECF0036D0B1 /* Resources */ = {
			isa = PBXResourcesBuildPhase;
			buildActionMask = 2147483647;
			files = (
			);
			runOnlyForDeploymentPostprocessing = 0;
		};
		A961D1C21D0BC2240036D0B1 /* Resources */ = {
			isa = PBXResourcesBuildPhase;
			buildActionMask = 2147483647;
			files = (
				A961D1D61D0BC2240036D0B1 /* LaunchScreen.storyboard in Resources */,
				A961D1D31D0BC2240036D0B1 /* Assets.xcassets in Resources */,
				A961D1D11D0BC2240036D0B1 /* Main.storyboard in Resources */,
			);
			runOnlyForDeploymentPostprocessing = 0;
		};
		A961D1E31D0BE1D00036D0B1 /* Resources */ = {
			isa = PBXResourcesBuildPhase;
			buildActionMask = 2147483647;
			files = (
				A961D1F71D0BE1D00036D0B1 /* LaunchScreen.storyboard in Resources */,
				A961D1F41D0BE1D00036D0B1 /* Assets.xcassets in Resources */,
				A961D1F21D0BE1D00036D0B1 /* Main.storyboard in Resources */,
			);
			runOnlyForDeploymentPostprocessing = 0;
		};
/* End PBXResourcesBuildPhase section */

/* Begin PBXSourcesBuildPhase section */
		A908F4E01D0BF49800870DF2 /* Sources */ = {
			isa = PBXSourcesBuildPhase;
			buildActionMask = 2147483647;
			files = (
				A908F5001D0BFA3300870DF2 /* SecondViewController.m in Sources */,
				A908F4EB1D0BF49800870DF2 /* AppDelegate.m in Sources */,
				A908F4FD1D0BFA2700870DF2 /* FirstViewController.m in Sources */,
				A908F4E81D0BF49800870DF2 /* main.m in Sources */,
			);
			runOnlyForDeploymentPostprocessing = 0;
		};
		A961D1A21D0BBECF0036D0B1 /* Sources */ = {
			isa = PBXSourcesBuildPhase;
			buildActionMask = 2147483647;
			files = (
			);
			runOnlyForDeploymentPostprocessing = 0;
		};
		A961D1C01D0BC2240036D0B1 /* Sources */ = {
			isa = PBXSourcesBuildPhase;
			buildActionMask = 2147483647;
			files = (
				A961D1E01D0BC2840036D0B1 /* SecondViewController.m in Sources */,
				A961D1CB1D0BC2240036D0B1 /* AppDelegate.m in Sources */,
				A961D1DD1D0BC2760036D0B1 /* FirstViewController.m in Sources */,
				A961D1C81D0BC2240036D0B1 /* main.m in Sources */,
			);
			runOnlyForDeploymentPostprocessing = 0;
		};
		A961D1E11D0BE1D00036D0B1 /* Sources */ = {
			isa = PBXSourcesBuildPhase;
			buildActionMask = 2147483647;
			files = (
				A961D2011D0BE20D0036D0B1 /* SecondViewController.m in Sources */,
				A961D1EC1D0BE1D00036D0B1 /* AppDelegate.m in Sources */,
				A961D1FE1D0BE1FD0036D0B1 /* FirstViewController.m in Sources */,
				A961D1E91D0BE1D00036D0B1 /* main.m in Sources */,
			);
			runOnlyForDeploymentPostprocessing = 0;
		};
/* End PBXSourcesBuildPhase section */

/* Begin PBXVariantGroup section */
		A908F4EF1D0BF49800870DF2 /* Main.storyboard */ = {
			isa = PBXVariantGroup;
			children = (
				A908F4F01D0BF49800870DF2 /* Base */,
			);
			name = Main.storyboard;
			sourceTree = "<group>";
		};
		A908F4F41D0BF49800870DF2 /* LaunchScreen.storyboard */ = {
			isa = PBXVariantGroup;
			children = (
				A908F4F51D0BF49800870DF2 /* Base */,
			);
			name = LaunchScreen.storyboard;
			sourceTree = "<group>";
		};
		A961D1CF1D0BC2240036D0B1 /* Main.storyboard */ = {
			isa = PBXVariantGroup;
			children = (
				A961D1D01D0BC2240036D0B1 /* Base */,
			);
			name = Main.storyboard;
			sourceTree = "<group>";
		};
		A961D1D41D0BC2240036D0B1 /* LaunchScreen.storyboard */ = {
			isa = PBXVariantGroup;
			children = (
				A961D1D51D0BC2240036D0B1 /* Base */,
			);
			name = LaunchScreen.storyboard;
			sourceTree = "<group>";
		};
		A961D1F01D0BE1D00036D0B1 /* Main.storyboard */ = {
			isa = PBXVariantGroup;
			children = (
				A961D1F11D0BE1D00036D0B1 /* Base */,
			);
			name = Main.storyboard;
			sourceTree = "<group>";
		};
		A961D1F51D0BE1D00036D0B1 /* LaunchScreen.storyboard */ = {
			isa = PBXVariantGroup;
			children = (
				A961D1F61D0BE1D00036D0B1 /* Base */,
			);
			name = LaunchScreen.storyboard;
			sourceTree = "<group>";
		};
/* End PBXVariantGroup section */

/* Begin XCBuildConfiguration section */
		A908F4F81D0BF49800870DF2 /* Debug */ = {
			isa = XCBuildConfiguration;
			buildSettings = {
				ASSETCATALOG_COMPILER_APPICON_NAME = AppIcon;
				INFOPLIST_FILE = NSNotification/Info.plist;
				LD_RUNPATH_SEARCH_PATHS = "$(inherited) @executable_path/Frameworks";
				PRODUCT_BUNDLE_IDENTIFIER = com.wcl.NSNotification;
				PRODUCT_NAME = "$(TARGET_NAME)";
			};
			name = Debug;
		};
		A908F4F91D0BF49800870DF2 /* Release */ = {
			isa = XCBuildConfiguration;
			buildSettings = {
				ASSETCATALOG_COMPILER_APPICON_NAME = AppIcon;
				INFOPLIST_FILE = NSNotification/Info.plist;
				LD_RUNPATH_SEARCH_PATHS = "$(inherited) @executable_path/Frameworks";
				PRODUCT_BUNDLE_IDENTIFIER = com.wcl.NSNotification;
				PRODUCT_NAME = "$(TARGET_NAME)";
			};
			name = Release;
		};
		A961D1BB1D0BBECF0036D0B1 /* Debug */ = {
			isa = XCBuildConfiguration;
			buildSettings = {
				ALWAYS_SEARCH_USER_PATHS = NO;
				CLANG_ANALYZER_NONNULL = YES;
				CLANG_CXX_LANGUAGE_STANDARD = "gnu++0x";
				CLANG_CXX_LIBRARY = "libc++";
				CLANG_ENABLE_MODULES = YES;
				CLANG_ENABLE_OBJC_ARC = YES;
				CLANG_WARN_BOOL_CONVERSION = YES;
				CLANG_WARN_CONSTANT_CONVERSION = YES;
				CLANG_WARN_DIRECT_OBJC_ISA_USAGE = YES_ERROR;
				CLANG_WARN_EMPTY_BODY = YES;
				CLANG_WARN_ENUM_CONVERSION = YES;
				CLANG_WARN_INT_CONVERSION = YES;
				CLANG_WARN_OBJC_ROOT_CLASS = YES_ERROR;
				CLANG_WARN_UNREACHABLE_CODE = YES;
				CLANG_WARN__DUPLICATE_METHOD_MATCH = YES;
				"CODE_SIGN_IDENTITY[sdk=iphoneos*]" = "iPhone Developer";
				COPY_PHASE_STRIP = NO;
				DEBUG_INFORMATION_FORMAT = dwarf;
				ENABLE_STRICT_OBJC_MSGSEND = YES;
				ENABLE_TESTABILITY = YES;
				GCC_C_LANGUAGE_STANDARD = gnu99;
				GCC_DYNAMIC_NO_PIC = NO;
				GCC_NO_COMMON_BLOCKS = YES;
				GCC_OPTIMIZATION_LEVEL = 0;
				GCC_PREPROCESSOR_DEFINITIONS = (
					"DEBUG=1",
					"$(inherited)",
				);
				GCC_WARN_64_TO_32_BIT_CONVERSION = YES;
				GCC_WARN_ABOUT_RETURN_TYPE = YES_ERROR;
				GCC_WARN_UNDECLARED_SELECTOR = YES;
				GCC_WARN_UNINITIALIZED_AUTOS = YES_AGGRESSIVE;
				GCC_WARN_UNUSED_FUNCTION = YES;
				GCC_WARN_UNUSED_VARIABLE = YES;
				IPHONEOS_DEPLOYMENT_TARGET = 9.3;
				MTL_ENABLE_DEBUG_INFO = YES;
				ONLY_ACTIVE_ARCH = YES;
				SDKROOT = iphoneos;
			};
			name = Debug;
		};
		A961D1BC1D0BBECF0036D0B1 /* Release */ = {
			isa = XCBuildConfiguration;
			buildSettings = {
				ALWAYS_SEARCH_USER_PATHS = NO;
				CLANG_ANALYZER_NONNULL = YES;
				CLANG_CXX_LANGUAGE_STANDARD = "gnu++0x";
				CLANG_CXX_LIBRARY = "libc++";
				CLANG_ENABLE_MODULES = YES;
				CLANG_ENABLE_OBJC_ARC = YES;
				CLANG_WARN_BOOL_CONVERSION = YES;
				CLANG_WARN_CONSTANT_CONVERSION = YES;
				CLANG_WARN_DIRECT_OBJC_ISA_USAGE = YES_ERROR;
				CLANG_WARN_EMPTY_BODY = YES;
				CLANG_WARN_ENUM_CONVERSION = YES;
				CLANG_WARN_INT_CONVERSION = YES;
				CLANG_WARN_OBJC_ROOT_CLASS = YES_ERROR;
				CLANG_WARN_UNREACHABLE_CODE = YES;
				CLANG_WARN__DUPLICATE_METHOD_MATCH = YES;
				"CODE_SIGN_IDENTITY[sdk=iphoneos*]" = "iPhone Developer";
				COPY_PHASE_STRIP = NO;
				DEBUG_INFORMATION_FORMAT = "dwarf-with-dsym";
				ENABLE_NS_ASSERTIONS = NO;
				ENABLE_STRICT_OBJC_MSGSEND = YES;
				GCC_C_LANGUAGE_STANDARD = gnu99;
				GCC_NO_COMMON_BLOCKS = YES;
				GCC_WARN_64_TO_32_BIT_CONVERSION = YES;
				GCC_WARN_ABOUT_RETURN_TYPE = YES_ERROR;
				GCC_WARN_UNDECLARED_SELECTOR = YES;
				GCC_WARN_UNINITIALIZED_AUTOS = YES_AGGRESSIVE;
				GCC_WARN_UNUSED_FUNCTION = YES;
				GCC_WARN_UNUSED_VARIABLE = YES;
				IPHONEOS_DEPLOYMENT_TARGET = 9.3;
				MTL_ENABLE_DEBUG_INFO = NO;
				SDKROOT = iphoneos;
				VALIDATE_PRODUCT = YES;
			};
			name = Release;
		};
		A961D1BE1D0BBECF0036D0B1 /* Debug */ = {
			isa = XCBuildConfiguration;
			buildSettings = {
				ASSETCATALOG_COMPILER_APPICON_NAME = AppIcon;
				INFOPLIST_FILE = WithinVCsByValues/Info.plist;
				LD_RUNPATH_SEARCH_PATHS = "$(inherited) @executable_path/Frameworks";
				PRODUCT_BUNDLE_IDENTIFIER = "com.wcl.----";
				PRODUCT_NAME = WithinVCsByValues;
			};
			name = Debug;
		};
		A961D1BF1D0BBECF0036D0B1 /* Release */ = {
			isa = XCBuildConfiguration;
			buildSettings = {
				ASSETCATALOG_COMPILER_APPICON_NAME = AppIcon;
				INFOPLIST_FILE = WithinVCsByValues/Info.plist;
				LD_RUNPATH_SEARCH_PATHS = "$(inherited) @executable_path/Frameworks";
				PRODUCT_BUNDLE_IDENTIFIER = "com.wcl.----";
				PRODUCT_NAME = WithinVCsByValues;
			};
			name = Release;
		};
		A961D1D91D0BC2240036D0B1 /* Debug */ = {
			isa = XCBuildConfiguration;
			buildSettings = {
				ASSETCATALOG_COMPILER_APPICON_NAME = AppIcon;
				INFOPLIST_FILE = Delegate/Info.plist;
				LD_RUNPATH_SEARCH_PATHS = "$(inherited) @executable_path/Frameworks";
				PRODUCT_BUNDLE_IDENTIFIER = com.wcl.Delegate;
				PRODUCT_NAME = "$(TARGET_NAME)";
			};
			name = Debug;
		};
		A961D1DA1D0BC2240036D0B1 /* Release */ = {
			isa = XCBuildConfiguration;
			buildSettings = {
				ASSETCATALOG_COMPILER_APPICON_NAME = AppIcon;
				INFOPLIST_FILE = Delegate/Info.plist;
				LD_RUNPATH_SEARCH_PATHS = "$(inherited) @executable_path/Frameworks";
				PRODUCT_BUNDLE_IDENTIFIER = com.wcl.Delegate;
				PRODUCT_NAME = "$(TARGET_NAME)";
			};
			name = Release;
		};
		A961D1FA1D0BE1D00036D0B1 /* Debug */ = {
			isa = XCBuildConfiguration;
			buildSettings = {
				ASSETCATALOG_COMPILER_APPICON_NAME = AppIcon;
				INFOPLIST_FILE = Block/Info.plist;
				LD_RUNPATH_SEARCH_PATHS = "$(inherited) @executable_path/Frameworks";
				PRODUCT_BUNDLE_IDENTIFIER = com.wcl.Block;
				PRODUCT_NAME = "$(TARGET_NAME)";
			};
			name = Debug;
		};
		A961D1FB1D0BE1D00036D0B1 /* Release */ = {
			isa = XCBuildConfiguration;
			buildSettings = {
				ASSETCATALOG_COMPILER_APPICON_NAME = AppIcon;
				INFOPLIST_FILE = Block/Info.plist;
				LD_RUNPATH_SEARCH_PATHS = "$(inherited) @executable_path/Frameworks";
				PRODUCT_BUNDLE_IDENTIFIER = com.wcl.Block;
				PRODUCT_NAME = "$(TARGET_NAME)";
			};
			name = Release;
		};
/* End XCBuildConfiguration section */

/* Begin XCConfigurationList section */
		A908F4FA1D0BF49800870DF2 /* Build configuration list for PBXNativeTarget "NSNotification" */ = {
			isa = XCConfigurationList;
			buildConfigurations = (
				A908F4F81D0BF49800870DF2 /* Debug */,
				A908F4F91D0BF49800870DF2 /* Release */,
			);
			defaultConfigurationIsVisible = 0;
			defaultConfigurationName = Release;
		};
		A961D1A11D0BBECF0036D0B1 /* Build configuration list for PBXProject "WithinVCsByValues" */ = {
			isa = XCConfigurationList;
			buildConfigurations = (
				A961D1BB1D0BBECF0036D0B1 /* Debug */,
				A961D1BC1D0BBECF0036D0B1 /* Release */,
			);
			defaultConfigurationIsVisible = 0;
			defaultConfigurationName = Release;
		};
		A961D1BD1D0BBECF0036D0B1 /* Build configuration list for PBXNativeTarget "WithinVCsByValues" */ = {
			isa = XCConfigurationList;
			buildConfigurations = (
				A961D1BE1D0BBECF0036D0B1 /* Debug */,
				A961D1BF1D0BBECF0036D0B1 /* Release */,
			);
			defaultConfigurationIsVisible = 0;
			defaultConfigurationName = Release;
		};
		A961D1D81D0BC2240036D0B1 /* Build configuration list for PBXNativeTarget "Delegate" */ = {
			isa = XCConfigurationList;
			buildConfigurations = (
				A961D1D91D0BC2240036D0B1 /* Debug */,
				A961D1DA1D0BC2240036D0B1 /* Release */,
			);
			defaultConfigurationIsVisible = 0;
			defaultConfigurationName = Release;
		};
		A961D1F91D0BE1D00036D0B1 /* Build configuration list for PBXNativeTarget "Block" */ = {
			isa = XCConfigurationList;
			buildConfigurations = (
				A961D1FA1D0BE1D00036D0B1 /* Debug */,
				A961D1FB1D0BE1D00036D0B1 /* Release */,
			);
			defaultConfigurationIsVisible = 0;
			defaultConfigurationName = Release;
		};
/* End XCConfigurationList section */
	};
	rootObject = A961D19E1D0BBECF0036D0B1 /* Project object */;
}
